{
  "name": "cropperjs-test",
  "version": "1.0.0",
  "lockfileVersion": 3,
  "requires": true,
  "packages": {
    "": {
      "name": "cropperjs-test",
      "version": "1.0.0",
      "license": "ISC",
      "dependencies": {
        "cropperjs": "^1.5.13",
        "filepond-plugin-image-preview": "^4.6.11"
      }
    },
    "node_modules/cropperjs": {
      "version": "1.5.13",
      "resolved": "https://registry.npmjs.org/cropperjs/-/cropperjs-1.5.13.tgz",
      "integrity": "sha512-by7jKAo73y5/Do0K6sxdTKHgndY0NMjG2bEdgeJxycbcmHuCiMXqw8sxy5C5Y5WTOTcDGmbT7Sr5CgKOXR06OA=="
    },
    "node_modules/filepond": {
      "version": "4.30.4",
      "resolved": "https://registry.npmjs.org/filepond/-/filepond-4.30.4.tgz",
      "integrity": "sha512-FCwsMvG9iiEs6uobdDrTaKsCgsqys0NuLgPPD8n37AYVYBiiDkrPkk9MSIU5rT2FahYcL1bScYI9huIPtlzqyA==",
      "peer": true
    },
    "node_modules/filepond-plugin-image-preview": {
      "version": "4.6.11",
      "resolved": "https://registry.npmjs.org/filepond-plugin-image-preview/-/filepond-plugin-image-preview-4.6.11.tgz",
      "integrity": "sha512-0EmQ9HnOb/X0xc5rLcNRhhmdUbp7oiicRwQrcr90ZfVmPJOOZoX3ZGUEsEPj7luMI55huguhcVozdESxtqnuRw==",
      "peerDependencies": {
        "filepond": ">=4.x <5.x"
      }
    }
  }
}
